
Microsoft Visual Studio Solution File, Format Version 11.00
# Visual Studio 2010
Project("{2150E333-8FDC-42A3-9474-1A3956D46DE8}") = "Solution Items", "Solution Items", "{459FB6BB-7973-4AC6-92B7-8AA970A38149}"
	ProjectSection(SolutionItems) = preProject
		Crystalbyte.Equinox.vsmdi = Crystalbyte.Equinox.vsmdi
		Local.testsettings = Local.testsettings
	EndProjectSection
EndProject
Project("{FAE04EC0-301F-11D3-BF4B-00C04F79EFBC}") = "Crystalbyte.Equinox.Mime", "Source\Crystalbyte.Equinox.Mime\Crystalbyte.Equinox.Mime.csproj", "{F711C36B-0DBC-4FB0-9F54-47C09C206E8F}"
EndProject
Project("{FAE04EC0-301F-11D3-BF4B-00C04F79EFBC}") = "Crystalbyte.Equinox.Imap", "Source\Crystalbyte.Equinox.Imap\Crystalbyte.Equinox.Imap.csproj", "{34D203DA-5446-43FE-A1B6-E7B6A1B0F14E}"
EndProject
Project("{FAE04EC0-301F-11D3-BF4B-00C04F79EFBC}") = "Crystalbyte.Equinox.Core", "Source\Crystalbyte.Equinox.Core\Crystalbyte.Equinox.Core.csproj", "{EA165485-7BE1-41BF-9F1F-A595C94CD87D}"
EndProject
Project("{FAE04EC0-301F-11D3-BF4B-00C04F79EFBC}") = "Crystalbyte.Equinox.DemoApp", "Source\Crystalbyte.Equinox.DemoApp\Crystalbyte.Equinox.DemoApp.csproj", "{F21E43C4-7A65-4795-9A4A-347A169B4585}"
EndProject
Project("{FAE04EC0-301F-11D3-BF4B-00C04F79EFBC}") = "Crystalbyte.Equinox.Coco.ParserTest", "Source\Crystalbyte.Equinox.Coco.ParserTest\Crystalbyte.Equinox.Coco.ParserTest.csproj", "{555D8778-B4C8-431D-810F-5C335C599B82}"
EndProject
Project("{FAE04EC0-301F-11D3-BF4B-00C04F79EFBC}") = "Crystalbyte.Equinox.Smtp", "Source\Crystalbyte.Equinox.Smtp\Crystalbyte.Equinox.Smtp.csproj", "{1CE43D33-C232-4F22-A9C3-2FC8461A75F4}"
EndProject
Project("{FAE04EC0-301F-11D3-BF4B-00C04F79EFBC}") = "Crystalbyte.Equinox.Tests", "Tests\Crystalbyte.Equinox.Tests\Crystalbyte.Equinox.Tests.csproj", "{67B33113-B463-4001-B94C-43F409039326}"
EndProject
Project("{FAE04EC0-301F-11D3-BF4B-00C04F79EFBC}") = "Crystalbyte.Equinox.Pop3", "Source\Crystalbyte.Equinox.Pop3\Crystalbyte.Equinox.Pop3.csproj", "{A9D818DE-229E-4D47-AEBB-967B3CDF522A}"
EndProject
Project("{FAE04EC0-301F-11D3-BF4B-00C04F79EFBC}") = "Crystalbyte.Equinox.ImapDemo", "Source\Crystalbyte.Equinox.ImapDemo\Crystalbyte.Equinox.ImapDemo.csproj", "{4716CF1D-309D-47B8-809D-9B80F526688D}"
EndProject
Project("{FAE04EC0-301F-11D3-BF4B-00C04F79EFBC}") = "Crystalbyte.Equinox.Sandbox", "Source\Crystalbyte.Equinox.Sandbox\Crystalbyte.Equinox.Sandbox.csproj", "{79E8FE6D-1AF4-4F31-95DF-F282C70F0F69}"
EndProject
Global
	GlobalSection(TeamFoundationVersionControl) = preSolution
		SccNumberOfProjects = 11
		SccEnterpriseProvider = {4CA58AB2-18FA-4F8D-95D4-32DDF27D184C}
		SccTeamFoundationServer = https://tfs.codeplex.com/tfs/tfs19
		SccLocalPath0 = .
		SccProjectUniqueName1 = Source\\Crystalbyte.Equinox.Mime\\Crystalbyte.Equinox.Mime.csproj
		SccProjectName1 = Source/Crystalbyte.Equinox.Mime
		SccLocalPath1 = Source\\Crystalbyte.Equinox.Mime
		SccProjectUniqueName2 = Source\\Crystalbyte.Equinox.Imap\\Crystalbyte.Equinox.Imap.csproj
		SccProjectName2 = Source/Crystalbyte.Equinox.Imap
		SccLocalPath2 = Source\\Crystalbyte.Equinox.Imap
		SccProjectUniqueName3 = Source\\Crystalbyte.Equinox.Core\\Crystalbyte.Equinox.Core.csproj
		SccProjectName3 = Source/Crystalbyte.Equinox.Core
		SccLocalPath3 = Source\\Crystalbyte.Equinox.Core
		SccProjectUniqueName4 = Source\\Crystalbyte.Equinox.DemoApp\\Crystalbyte.Equinox.DemoApp.csproj
		SccProjectName4 = Source/Crystalbyte.Equinox.DemoApp
		SccLocalPath4 = Source\\Crystalbyte.Equinox.DemoApp
		SccProjectUniqueName5 = Source\\Crystalbyte.Equinox.Coco.ParserTest\\Crystalbyte.Equinox.Coco.ParserTest.csproj
		SccProjectName5 = Source/Crystalbyte.Equinox.Coco.ParserTest
		SccLocalPath5 = Source\\Crystalbyte.Equinox.Coco.ParserTest
		SccProjectUniqueName6 = Source\\Crystalbyte.Equinox.Smtp\\Crystalbyte.Equinox.Smtp.csproj
		SccProjectName6 = Source/Crystalbyte.Equinox.Smtp
		SccLocalPath6 = Source\\Crystalbyte.Equinox.Smtp
		SccProjectUniqueName7 = Tests\\Crystalbyte.Equinox.Tests\\Crystalbyte.Equinox.Tests.csproj
		SccProjectName7 = Tests/Crystalbyte.Equinox.Tests
		SccLocalPath7 = Tests\\Crystalbyte.Equinox.Tests
		SccProjectUniqueName8 = Source\\Crystalbyte.Equinox.Pop3\\Crystalbyte.Equinox.Pop3.csproj
		SccProjectName8 = Source/Crystalbyte.Equinox.Pop3
		SccLocalPath8 = Source\\Crystalbyte.Equinox.Pop3
		SccProjectUniqueName9 = Source\\Crystalbyte.Equinox.ImapDemo\\Crystalbyte.Equinox.ImapDemo.csproj
		SccProjectName9 = Source/Crystalbyte.Equinox.ImapDemo
		SccLocalPath9 = Source\\Crystalbyte.Equinox.ImapDemo
		SccProjectUniqueName10 = Source\\Crystalbyte.Equinox.Sandbox\\Crystalbyte.Equinox.Sandbox.csproj
		SccProjectName10 = Source/Crystalbyte.Equinox.Sandbox
		SccLocalPath10 = Source\\Crystalbyte.Equinox.Sandbox
	EndGlobalSection
	GlobalSection(TestCaseManagementSettings) = postSolution
		CategoryFile = Crystalbyte.Equinox.vsmdi
	EndGlobalSection
	GlobalSection(SolutionConfigurationPlatforms) = preSolution
		Debug|Any CPU = Debug|Any CPU
		Debug|Mixed Platforms = Debug|Mixed Platforms
		Debug|x86 = Debug|x86
		Release|Any CPU = Release|Any CPU
		Release|Mixed Platforms = Release|Mixed Platforms
		Release|x86 = Release|x86
	EndGlobalSection
	GlobalSection(ProjectConfigurationPlatforms) = postSolution
		{F711C36B-0DBC-4FB0-9F54-47C09C206E8F}.Debug|Any CPU.ActiveCfg = Debug|Any CPU
		{F711C36B-0DBC-4FB0-9F54-47C09C206E8F}.Debug|Any CPU.Build.0 = Debug|Any CPU
		{F711C36B-0DBC-4FB0-9F54-47C09C206E8F}.Debug|Mixed Platforms.ActiveCfg = Debug|Any CPU
		{F711C36B-0DBC-4FB0-9F54-47C09C206E8F}.Debug|Mixed Platforms.Build.0 = Debug|Any CPU
		{F711C36B-0DBC-4FB0-9F54-47C09C206E8F}.Debug|x86.ActiveCfg = Debug|Any CPU
		{F711C36B-0DBC-4FB0-9F54-47C09C206E8F}.Release|Any CPU.ActiveCfg = Release|Any CPU
		{F711C36B-0DBC-4FB0-9F54-47C09C206E8F}.Release|Any CPU.Build.0 = Release|Any CPU
		{F711C36B-0DBC-4FB0-9F54-47C09C206E8F}.Release|Mixed Platforms.ActiveCfg = Release|Any CPU
		{F711C36B-0DBC-4FB0-9F54-47C09C206E8F}.Release|Mixed Platforms.Build.0 = Release|Any CPU
		{F711C36B-0DBC-4FB0-9F54-47C09C206E8F}.Release|x86.ActiveCfg = Release|Any CPU
		{34D203DA-5446-43FE-A1B6-E7B6A1B0F14E}.Debug|Any CPU.ActiveCfg = Debug|Any CPU
		{34D203DA-5446-43FE-A1B6-E7B6A1B0F14E}.Debug|Any CPU.Build.0 = Debug|Any CPU
		{34D203DA-5446-43FE-A1B6-E7B6A1B0F14E}.Debug|Mixed Platforms.ActiveCfg = Debug|Any CPU
		{34D203DA-5446-43FE-A1B6-E7B6A1B0F14E}.Debug|Mixed Platforms.Build.0 = Debug|Any CPU
		{34D203DA-5446-43FE-A1B6-E7B6A1B0F14E}.Debug|x86.ActiveCfg = Debug|Any CPU
		{34D203DA-5446-43FE-A1B6-E7B6A1B0F14E}.Release|Any CPU.ActiveCfg = Release|Any CPU
		{34D203DA-5446-43FE-A1B6-E7B6A1B0F14E}.Release|Any CPU.Build.0 = Release|Any CPU
		{34D203DA-5446-43FE-A1B6-E7B6A1B0F14E}.Release|Mixed Platforms.ActiveCfg = Release|Any CPU
		{34D203DA-5446-43FE-A1B6-E7B6A1B0F14E}.Release|Mixed Platforms.Build.0 = Release|Any CPU
		{34D203DA-5446-43FE-A1B6-E7B6A1B0F14E}.Release|x86.ActiveCfg = Release|Any CPU
		{EA165485-7BE1-41BF-9F1F-A595C94CD87D}.Debug|Any CPU.ActiveCfg = Debug|Any CPU
		{EA165485-7BE1-41BF-9F1F-A595C94CD87D}.Debug|Any CPU.Build.0 = Debug|Any CPU
		{EA165485-7BE1-41BF-9F1F-A595C94CD87D}.Debug|Mixed Platforms.ActiveCfg = Debug|Any CPU
		{EA165485-7BE1-41BF-9F1F-A595C94CD87D}.Debug|Mixed Platforms.Build.0 = Debug|Any CPU
		{EA165485-7BE1-41BF-9F1F-A595C94CD87D}.Debug|x86.ActiveCfg = Debug|Any CPU
		{EA165485-7BE1-41BF-9F1F-A595C94CD87D}.Release|Any CPU.ActiveCfg = Release|Any CPU
		{EA165485-7BE1-41BF-9F1F-A595C94CD87D}.Release|Any CPU.Build.0 = Release|Any CPU
		{EA165485-7BE1-41BF-9F1F-A595C94CD87D}.Release|Mixed Platforms.ActiveCfg = Release|Any CPU
		{EA165485-7BE1-41BF-9F1F-A595C94CD87D}.Release|Mixed Platforms.Build.0 = Release|Any CPU
		{EA165485-7BE1-41BF-9F1F-A595C94CD87D}.Release|x86.ActiveCfg = Release|Any CPU
		{F21E43C4-7A65-4795-9A4A-347A169B4585}.Debug|Any CPU.ActiveCfg = Debug|x86
		{F21E43C4-7A65-4795-9A4A-347A169B4585}.Debug|Mixed Platforms.ActiveCfg = Debug|Any CPU
		{F21E43C4-7A65-4795-9A4A-347A169B4585}.Debug|Mixed Platforms.Build.0 = Debug|Any CPU
		{F21E43C4-7A65-4795-9A4A-347A169B4585}.Debug|x86.ActiveCfg = Debug|x86
		{F21E43C4-7A65-4795-9A4A-347A169B4585}.Debug|x86.Build.0 = Debug|x86
		{F21E43C4-7A65-4795-9A4A-347A169B4585}.Release|Any CPU.ActiveCfg = Release|x86
		{F21E43C4-7A65-4795-9A4A-347A169B4585}.Release|Mixed Platforms.ActiveCfg = Release|Any CPU
		{F21E43C4-7A65-4795-9A4A-347A169B4585}.Release|Mixed Platforms.Build.0 = Release|Any CPU
		{F21E43C4-7A65-4795-9A4A-347A169B4585}.Release|x86.ActiveCfg = Release|x86
		{F21E43C4-7A65-4795-9A4A-347A169B4585}.Release|x86.Build.0 = Release|x86
		{555D8778-B4C8-431D-810F-5C335C599B82}.Debug|Any CPU.ActiveCfg = Debug|x86
		{555D8778-B4C8-431D-810F-5C335C599B82}.Debug|Mixed Platforms.ActiveCfg = Debug|x86
		{555D8778-B4C8-431D-810F-5C335C599B82}.Debug|Mixed Platforms.Build.0 = Debug|x86
		{555D8778-B4C8-431D-810F-5C335C599B82}.Debug|x86.ActiveCfg = Debug|x86
		{555D8778-B4C8-431D-810F-5C335C599B82}.Debug|x86.Build.0 = Debug|x86
		{555D8778-B4C8-431D-810F-5C335C599B82}.Release|Any CPU.ActiveCfg = Release|x86
		{555D8778-B4C8-431D-810F-5C335C599B82}.Release|Mixed Platforms.ActiveCfg = Release|x86
		{555D8778-B4C8-431D-810F-5C335C599B82}.Release|Mixed Platforms.Build.0 = Release|x86
		{555D8778-B4C8-431D-810F-5C335C599B82}.Release|x86.ActiveCfg = Release|x86
		{555D8778-B4C8-431D-810F-5C335C599B82}.Release|x86.Build.0 = Release|x86
		{1CE43D33-C232-4F22-A9C3-2FC8461A75F4}.Debug|Any CPU.ActiveCfg = Debug|Any CPU
		{1CE43D33-C232-4F22-A9C3-2FC8461A75F4}.Debug|Any CPU.Build.0 = Debug|Any CPU
		{1CE43D33-C232-4F22-A9C3-2FC8461A75F4}.Debug|Mixed Platforms.ActiveCfg = Debug|Any CPU
		{1CE43D33-C232-4F22-A9C3-2FC8461A75F4}.Debug|Mixed Platforms.Build.0 = Debug|Any CPU
		{1CE43D33-C232-4F22-A9C3-2FC8461A75F4}.Debug|x86.ActiveCfg = Debug|Any CPU
		{1CE43D33-C232-4F22-A9C3-2FC8461A75F4}.Release|Any CPU.ActiveCfg = Release|Any CPU
		{1CE43D33-C232-4F22-A9C3-2FC8461A75F4}.Release|Any CPU.Build.0 = Release|Any CPU
		{1CE43D33-C232-4F22-A9C3-2FC8461A75F4}.Release|Mixed Platforms.ActiveCfg = Release|Any CPU
		{1CE43D33-C232-4F22-A9C3-2FC8461A75F4}.Release|Mixed Platforms.Build.0 = Release|Any CPU
		{1CE43D33-C232-4F22-A9C3-2FC8461A75F4}.Release|x86.ActiveCfg = Release|Any CPU
		{67B33113-B463-4001-B94C-43F409039326}.Debug|Any CPU.ActiveCfg = Debug|Any CPU
		{67B33113-B463-4001-B94C-43F409039326}.Debug|Any CPU.Build.0 = Debug|Any CPU
		{67B33113-B463-4001-B94C-43F409039326}.Debug|Mixed Platforms.ActiveCfg = Debug|Any CPU
		{67B33113-B463-4001-B94C-43F409039326}.Debug|Mixed Platforms.Build.0 = Debug|Any CPU
		{67B33113-B463-4001-B94C-43F409039326}.Debug|x86.ActiveCfg = Debug|Any CPU
		{67B33113-B463-4001-B94C-43F409039326}.Release|Any CPU.ActiveCfg = Release|Any CPU
		{67B33113-B463-4001-B94C-43F409039326}.Release|Any CPU.Build.0 = Release|Any CPU
		{67B33113-B463-4001-B94C-43F409039326}.Release|Mixed Platforms.ActiveCfg = Release|Any CPU
		{67B33113-B463-4001-B94C-43F409039326}.Release|Mixed Platforms.Build.0 = Release|Any CPU
		{67B33113-B463-4001-B94C-43F409039326}.Release|x86.ActiveCfg = Release|Any CPU
		{A9D818DE-229E-4D47-AEBB-967B3CDF522A}.Debug|Any CPU.ActiveCfg = Debug|Any CPU
		{A9D818DE-229E-4D47-AEBB-967B3CDF522A}.Debug|Any CPU.Build.0 = Debug|Any CPU
		{A9D818DE-229E-4D47-AEBB-967B3CDF522A}.Debug|Mixed Platforms.ActiveCfg = Debug|Any CPU
		{A9D818DE-229E-4D47-AEBB-967B3CDF522A}.Debug|Mixed Platforms.Build.0 = Debug|Any CPU
		{A9D818DE-229E-4D47-AEBB-967B3CDF522A}.Debug|x86.ActiveCfg = Debug|Any CPU
		{A9D818DE-229E-4D47-AEBB-967B3CDF522A}.Release|Any CPU.ActiveCfg = Release|Any CPU
		{A9D818DE-229E-4D47-AEBB-967B3CDF522A}.Release|Any CPU.Build.0 = Release|Any CPU
		{A9D818DE-229E-4D47-AEBB-967B3CDF522A}.Release|Mixed Platforms.ActiveCfg = Release|Any CPU
		{A9D818DE-229E-4D47-AEBB-967B3CDF522A}.Release|Mixed Platforms.Build.0 = Release|Any CPU
		{A9D818DE-229E-4D47-AEBB-967B3CDF522A}.Release|x86.ActiveCfg = Release|Any CPU
		{4716CF1D-309D-47B8-809D-9B80F526688D}.Debug|Any CPU.ActiveCfg = Debug|x86
		{4716CF1D-309D-47B8-809D-9B80F526688D}.Debug|Mixed Platforms.ActiveCfg = Debug|x86
		{4716CF1D-309D-47B8-809D-9B80F526688D}.Debug|Mixed Platforms.Build.0 = Debug|x86
		{4716CF1D-309D-47B8-809D-9B80F526688D}.Debug|x86.ActiveCfg = Debug|x86
		{4716CF1D-309D-47B8-809D-9B80F526688D}.Debug|x86.Build.0 = Debug|x86
		{4716CF1D-309D-47B8-809D-9B80F526688D}.Release|Any CPU.ActiveCfg = Release|x86
		{4716CF1D-309D-47B8-809D-9B80F526688D}.Release|Mixed Platforms.ActiveCfg = Release|x86
		{4716CF1D-309D-47B8-809D-9B80F526688D}.Release|Mixed Platforms.Build.0 = Release|x86
		{4716CF1D-309D-47B8-809D-9B80F526688D}.Release|x86.ActiveCfg = Release|x86
		{4716CF1D-309D-47B8-809D-9B80F526688D}.Release|x86.Build.0 = Release|x86
		{79E8FE6D-1AF4-4F31-95DF-F282C70F0F69}.Debug|Any CPU.ActiveCfg = Debug|x86
		{79E8FE6D-1AF4-4F31-95DF-F282C70F0F69}.Debug|Mixed Platforms.ActiveCfg = Debug|x86
		{79E8FE6D-1AF4-4F31-95DF-F282C70F0F69}.Debug|Mixed Platforms.Build.0 = Debug|x86
		{79E8FE6D-1AF4-4F31-95DF-F282C70F0F69}.Debug|x86.ActiveCfg = Debug|x86
		{79E8FE6D-1AF4-4F31-95DF-F282C70F0F69}.Debug|x86.Build.0 = Debug|x86
		{79E8FE6D-1AF4-4F31-95DF-F282C70F0F69}.Release|Any CPU.ActiveCfg = Release|x86
		{79E8FE6D-1AF4-4F31-95DF-F282C70F0F69}.Release|Mixed Platforms.ActiveCfg = Release|x86
		{79E8FE6D-1AF4-4F31-95DF-F282C70F0F69}.Release|Mixed Platforms.Build.0 = Release|x86
		{79E8FE6D-1AF4-4F31-95DF-F282C70F0F69}.Release|x86.ActiveCfg = Release|x86
		{79E8FE6D-1AF4-4F31-95DF-F282C70F0F69}.Release|x86.Build.0 = Release|x86
	EndGlobalSection
	GlobalSection(SolutionProperties) = preSolution
		HideSolutionNode = FALSE
	EndGlobalSection
EndGlobal
